// !$*UTF8*$!
{
	archiveVersion = 1;
	classes = {
	};
	objectVersion = 46;
	objects = {

/* Begin PBXBuildFile section */
		21359FCA1C7A622F00847897 /* main.m in Sources */ = {isa = PBXBuildFile; fileRef = 21359FC91C7A622F00847897 /* main.m */; };
		21359FD31C7A622F00847897 /* Main.storyboard in Resources */ = {isa = PBXBuildFile; fileRef = 21359FD11C7A622F00847897 /* Main.storyboard */; };
		21359FD51C7A622F00847897 /* Assets.xcassets in Resources */ = {isa = PBXBuildFile; fileRef = 21359FD41C7A622F00847897 /* Assets.xcassets */; };
		21359FD81C7A622F00847897 /* LaunchScreen.storyboard in Resources */ = {isa = PBXBuildFile; fileRef = 21359FD61C7A622F00847897 /* LaunchScreen.storyboard */; };
		21359FE11C7A626F00847897 /* SubwayLinesTableViewController.m in Sources */ = {isa = PBXBuildFile; fileRef = 21359FE01C7A626F00847897 /* SubwayLinesTableViewController.m */; };
		21359FE91C7A689E00847897 /* SubwayLine.m in Sources */ = {isa = PBXBuildFile; fileRef = 21359FE81C7A689E00847897 /* SubwayLine.m */; };
		21359FF01C7A6A7E00847897 /* subway-lister.json in Resources */ = {isa = PBXBuildFile; fileRef = 21359FEF1C7A6A7E00847897 /* subway-lister.json */; };
		21359FF31C7A6C5B00847897 /* SubwayLineModelController.m in Sources */ = {isa = PBXBuildFile; fileRef = 21359FF21C7A6C5B00847897 /* SubwayLineModelController.m */; };
		21359FF61C7A741900847897 /* SubwayLineTableCell.m in Sources */ = {isa = PBXBuildFile; fileRef = 21359FF51C7A741900847897 /* SubwayLineTableCell.m */; };
		21359FF91C7A7CBF00847897 /* LineNumberView.m in Sources */ = {isa = PBXBuildFile; fileRef = 21359FF81C7A7CBF00847897 /* LineNumberView.m */; };
		214D19301C7A9C790087BF3B /* AppDelegate.m in Sources */ = {isa = PBXBuildFile; fileRef = 214D192F1C7A9C790087BF3B /* AppDelegate.m */; };
/* End PBXBuildFile section */

/* Begin PBXFileReference section */
		21359FC51C7A622F00847897 /* NYC Subway Lines.app */ = {isa = PBXFileReference; explicitFileType = wrapper.application; includeInIndex = 0; path = "NYC Subway Lines.app"; sourceTree = BUILT_PRODUCTS_DIR; };
		21359FC91C7A622F00847897 /* main.m */ = {isa = PBXFileReference; lastKnownFileType = sourcecode.c.objc; path = main.m; sourceTree = "<group>"; };
		21359FCB1C7A622F00847897 /* AppDelegate.h */ = {isa = PBXFileReference; lastKnownFileType = sourcecode.c.h; path = AppDelegate.h; sourceTree = "<group>"; };
		21359FD21C7A622F00847897 /* Base */ = {isa = PBXFileReference; lastKnownFileType = file.storyboard; name = Base; path = Base.lproj/Main.storyboard; sourceTree = "<group>"; };
		21359FD41C7A622F00847897 /* Assets.xcassets */ = {isa = PBXFileReference; lastKnownFileType = folder.assetcatalog; path = Assets.xcassets; sourceTree = "<group>"; };
		21359FD71C7A622F00847897 /* Base */ = {isa = PBXFileReference; lastKnownFileType = file.storyboard; name = Base; path = Base.lproj/LaunchScreen.storyboard; sourceTree = "<group>"; };
		21359FD91C7A622F00847897 /* Info.plist */ = {isa = PBXFileReference; lastKnownFileType = text.plist.xml; path = Info.plist; sourceTree = "<group>"; };
		21359FDF1C7A626F00847897 /* SubwayLinesTableViewController.h */ = {isa = PBXFileReference; fileEncoding = 4; lastKnownFileType = sourcecode.c.h; path = SubwayLinesTableViewController.h; sourceTree = "<group>"; };
		21359FE01C7A626F00847897 /* SubwayLinesTableViewController.m */ = {isa = PBXFileReference; fileEncoding = 4; lastKnownFileType = sourcecode.c.objc; path = SubwayLinesTableViewController.m; sourceTree = "<group>"; };
		21359FE71C7A689E00847897 /* SubwayLine.h */ = {isa = PBXFileReference; fileEncoding = 4; lastKnownFileType = sourcecode.c.h; path = SubwayLine.h; sourceTree = "<group>"; };
		21359FE81C7A689E00847897 /* SubwayLine.m */ = {isa = PBXFileReference; fileEncoding = 4; lastKnownFileType = sourcecode.c.objc; path = SubwayLine.m; sourceTree = "<group>"; };
		21359FEF1C7A6A7E00847897 /* subway-lister.json */ = {isa = PBXFileReference; fileEncoding = 4; lastKnownFileType = text.json; name = "subway-lister.json"; path = "../../../Downloads/subway-lister.json"; sourceTree = "<group>"; };
		21359FF11C7A6C5B00847897 /* SubwayLineModelController.h */ = {isa = PBXFileReference; fileEncoding = 4; lastKnownFileType = sourcecode.c.h; path = SubwayLineModelController.h; sourceTree = "<group>"; };
		21359FF21C7A6C5B00847897 /* SubwayLineModelController.m */ = {isa = PBXFileReference; fileEncoding = 4; lastKnownFileType = sourcecode.c.objc; path = SubwayLineModelController.m; sourceTree = "<group>"; };
		21359FF41C7A741900847897 /* SubwayLineTableCell.h */ = {isa = PBXFileReference; fileEncoding = 4; lastKnownFileType = sourcecode.c.h; path = SubwayLineTableCell.h; sourceTree = "<group>"; };
		21359FF51C7A741900847897 /* SubwayLineTableCell.m */ = {isa = PBXFileReference; fileEncoding = 4; lastKnownFileType = sourcecode.c.objc; path = SubwayLineTableCell.m; sourceTree = "<group>"; };
		21359FF71C7A7CBF00847897 /* LineNumberView.h */ = {isa = PBXFileReference; fileEncoding = 4; lastKnownFileType = sourcecode.c.h; path = LineNumberView.h; sourceTree = "<group>"; };
		21359FF81C7A7CBF00847897 /* LineNumberView.m */ = {isa = PBXFileReference; fileEncoding = 4; lastKnownFileType = sourcecode.c.objc; path = LineNumberView.m; sourceTree = "<group>"; };
		214D192F1C7A9C790087BF3B /* AppDelegate.m */ = {isa = PBXFileReference; fileEncoding = 4; lastKnownFileType = sourcecode.c.objc; path = AppDelegate.m; sourceTree = "<group>"; };
/* End PBXFileReference section */

/* Begin PBXFrameworksBuildPhase section */
		21359FC21C7A622F00847897 /* Frameworks */ = {
			isa = PBXFrameworksBuildPhase;
			buildActionMask = 2147483647;
			files = (
			);
			runOnlyForDeploymentPostprocessing = 0;
		};
/* End PBXFrameworksBuildPhase section */

/* Begin PBXGroup section */
		21359FBC1C7A622F00847897 = {
			isa = PBXGroup;
			children = (
				21359FC71C7A622F00847897 /* NYC Subway Lines */,
				21359FC61C7A622F00847897 /* Products */,
			);
			sourceTree = "<group>";
		};
		21359FC61C7A622F00847897 /* Products */ = {
			isa = PBXGroup;
			children = (
				21359FC51C7A622F00847897 /* NYC Subway Lines.app */,
			);
			name = Products;
			sourceTree = "<group>";
		};
		21359FC71C7A622F00847897 /* NYC Subway Lines */ = {
			isa = PBXGroup;
			children = (
				21359FEF1C7A6A7E00847897 /* subway-lister.json */,
				21359FCB1C7A622F00847897 /* AppDelegate.h */,
				214D192F1C7A9C790087BF3B /* AppDelegate.m */,
				21359FDF1C7A626F00847897 /* SubwayLinesTableViewController.h */,
				21359FE01C7A626F00847897 /* SubwayLinesTableViewController.m */,
				21359FF11C7A6C5B00847897 /* SubwayLineModelController.h */,
				21359FF21C7A6C5B00847897 /* SubwayLineModelController.m */,
				21359FE71C7A689E00847897 /* SubwayLine.h */,
				21359FE81C7A689E00847897 /* SubwayLine.m */,
				21359FF41C7A741900847897 /* SubwayLineTableCell.h */,
				21359FF51C7A741900847897 /* SubwayLineTableCell.m */,
				21359FF71C7A7CBF00847897 /* LineNumberView.h */,
				21359FF81C7A7CBF00847897 /* LineNumberView.m */,
				21359FD11C7A622F00847897 /* Main.storyboard */,
				21359FD41C7A622F00847897 /* Assets.xcassets */,
				21359FD61C7A622F00847897 /* LaunchScreen.storyboard */,
				21359FD91C7A622F00847897 /* Info.plist */,
				21359FC81C7A622F00847897 /* Supporting Files */,
			);
			path = "NYC Subway Lines";
			sourceTree = "<group>";
		};
		21359FC81C7A622F00847897 /* Supporting Files */ = {
			isa = PBXGroup;
			children = (
				21359FC91C7A622F00847897 /* main.m */,
			);
			name = "Supporting Files";
			sourceTree = "<group>";
		};
/* End PBXGroup section */

/* Begin PBXNativeTarget section */
		21359FC41C7A622F00847897 /* NYC Subway Lines */ = {
			isa = PBXNativeTarget;
			buildConfigurationList = 21359FDC1C7A622F00847897 /* Build configuration list for PBXNativeTarget "NYC Subway Lines" */;
			buildPhases = (
				21359FC11C7A622F00847897 /* Sources */,
				21359FC21C7A622F00847897 /* Frameworks */,
				21359FC31C7A622F00847897 /* Resources */,
			);
			buildRules = (
			);
			dependencies = (
			);
			name = "NYC Subway Lines";
			productName = "NYC Subway Lines";
			productReference = 21359FC51C7A622F00847897 /* NYC Subway Lines.app */;
			productType = "com.apple.product-type.application";
		};
/* End PBXNativeTarget section */

/* Begin PBXProject section */
		21359FBD1C7A622F00847897 /* Project object */ = {
			isa = PBXProject;
			attributes = {
				LastUpgradeCheck = 0720;
				ORGANIZATIONNAME = "Emma Steimann";
				TargetAttributes = {
					21359FC41C7A622F00847897 = {
						CreatedOnToolsVersion = 7.2;
					};
				};
			};
			buildConfigurationList = 21359FC01C7A622F00847897 /* Build configuration list for PBXProject "NYC Subway Lines" */;
			compatibilityVersion = "Xcode 3.2";
			developmentRegion = English;
			hasScannedForEncodings = 0;
			knownRegions = (
				en,
				Base,
			);
			mainGroup = 21359FBC1C7A622F00847897;
			productRefGroup = 21359FC61C7A622F00847897 /* Products */;
			projectDirPath = "";
			projectRoot = "";
			targets = (
				21359FC41C7A622F00847897 /* NYC Subway Lines */,
			);
		};
/* End PBXProject section */

/* Begin PBXResourcesBuildPhase section */
		21359FC31C7A622F00847897 /* Resources */ = {
			isa = PBXResourcesBuildPhase;
			buildActionMask = 2147483647;
			files = (
				21359FD81C7A622F00847897 /* LaunchScreen.storyboard in Resources */,
				21359FF01C7A6A7E00847897 /* subway-lister.json in Resources */,
				21359FD51C7A622F00847897 /* Assets.xcassets in Resources */,
				21359FD31C7A622F00847897 /* Main.storyboard in Resources */,
			);
			runOnlyForDeploymentPostprocessing = 0;
		};
/* End PBXResourcesBuildPhase section */

/* Begin PBXSourcesBuildPhase section */
		21359FC11C7A622F00847897 /* Sources */ = {
			isa = PBXSourcesBuildPhase;
			buildActionMask = 2147483647;
			files = (
				21359FF61C7A741900847897 /* SubwayLineTableCell.m in Sources */,
				21359FE91C7A689E00847897 /* SubwayLine.m in Sources */,
				21359FF31C7A6C5B00847897 /* SubwayLineModelController.m in Sources */,
				214D19301C7A9C790087BF3B /* AppDelegate.m in Sources */,
				21359FE11C7A626F00847897 /* SubwayLinesTableViewController.m in Sources */,
				21359FCA1C7A622F00847897 /* main.m in Sources */,
				21359FF91C7A7CBF00847897 /* LineNumberView.m in Sources */,
			);
			runOnlyForDeploymentPostprocessing = 0;
		};
/* End PBXSourcesBuildPhase section */

/* Begin PBXVariantGroup section */
		21359FD11C7A622F00847897 /* Main.storyboard */ = {
			isa = PBXVariantGroup;
			children = (
				21359FD21C7A622F00847897 /* Base */,
			);
			name = Main.storyboard;
			sourceTree = "<group>";
		};
		21359FD61C7A622F00847897 /* LaunchScreen.storyboard */ = {
			isa = PBXVariantGroup;
			children = (
				21359FD71C7A622F00847897 /* Base */,
			);
			name = LaunchScreen.storyboard;
			sourceTree = "<group>";
		};
/* End PBXVariantGroup section */

/* Begin XCBuildConfiguration section */
		21359FDA1C7A622F00847897 /* Debug */ = {
			isa = XCBuildConfiguration;
			buildSettings = {
				ALWAYS_SEARCH_USER_PATHS = NO;
				CLANG_CXX_LANGUAGE_STANDARD = "gnu++0x";
				CLANG_CXX_LIBRARY = "libc++";
				CLANG_ENABLE_MODULES = YES;
				CLANG_ENABLE_OBJC_ARC = YES;
				CLANG_WARN_BOOL_CONVERSION = YES;
				CLANG_WARN_CONSTANT_CONVERSION = YES;
				CLANG_WARN_DIRECT_OBJC_ISA_USAGE = YES_ERROR;
				CLANG_WARN_EMPTY_BODY = YES;
				CLANG_WARN_ENUM_CONVERSION = YES;
				CLANG_WARN_INT_CONVERSION = YES;
				CLANG_WARN_OBJC_ROOT_CLASS = YES_ERROR;
				CLANG_WARN_UNREACHABLE_CODE = YES;
				CLANG_WARN__DUPLICATE_METHOD_MATCH = YES;
				"CODE_SIGN_IDENTITY[sdk=iphoneos*]" = "iPhone Developer";
				COPY_PHASE_STRIP = NO;
				DEBUG_INFORMATION_FORMAT = dwarf;
				ENABLE_STRICT_OBJC_MSGSEND = YES;
				ENABLE_TESTABILITY = YES;
				GCC_C_LANGUAGE_STANDARD = gnu99;
				GCC_DYNAMIC_NO_PIC = NO;
				GCC_NO_COMMON_BLOCKS = YES;
				GCC_OPTIMIZATION_LEVEL = 0;
				GCC_PREPROCESSOR_DEFINITIONS = (
					"DEBUG=1",
					"$(inherited)",
				);
				GCC_WARN_64_TO_32_BIT_CONVERSION = YES;
				GCC_WARN_ABOUT_RETURN_TYPE = YES_ERROR;
				GCC_WARN_UNDECLARED_SELECTOR = YES;
				GCC_WARN_UNINITIALIZED_AUTOS = YES_AGGRESSIVE;
				GCC_WARN_UNUSED_FUNCTION = YES;
				GCC_WARN_UNUSED_VARIABLE = YES;
				IPHONEOS_DEPLOYMENT_TARGET = 9.2;
				MTL_ENABLE_DEBUG_INFO = YES;
				ONLY_ACTIVE_ARCH = YES;
				SDKROOT = iphoneos;
				TARGETED_DEVICE_FAMILY = "1,2";
			};
			name = Debug;
		};
		21359FDB1C7A622F00847897 /* Release */ = {
			isa = XCBuildConfiguration;
			buildSettings = {
				ALWAYS_SEARCH_USER_PATHS = NO;
				CLANG_CXX_LANGUAGE_STANDARD = "gnu++0x";
				CLANG_CXX_LIBRARY = "libc++";
				CLANG_ENABLE_MODULES = YES;
				CLANG_ENABLE_OBJC_ARC = YES;
				CLANG_WARN_BOOL_CONVERSION = YES;
				CLANG_WARN_CONSTANT_CONVERSION = YES;
				CLANG_WARN_DIRECT_OBJC_ISA_USAGE = YES_ERROR;
				CLANG_WARN_EMPTY_BODY = YES;
				CLANG_WARN_ENUM_CONVERSION = YES;
				CLANG_WARN_INT_CONVERSION = YES;
				CLANG_WARN_OBJC_ROOT_CLASS = YES_ERROR;
				CLANG_WARN_UNREACHABLE_CODE = YES;
				CLANG_WARN__DUPLICATE_METHOD_MATCH = YES;
				"CODE_SIGN_IDENTITY[sdk=iphoneos*]" = "iPhone Developer";
				COPY_PHASE_STRIP = NO;
				DEBUG_INFORMATION_FORMAT = "dwarf-with-dsym";
				ENABLE_NS_ASSERTIONS = NO;
				ENABLE_STRICT_OBJC_MSGSEND = YES;
				GCC_C_LANGUAGE_STANDARD = gnu99;
				GCC_NO_COMMON_BLOCKS = YES;
				GCC_WARN_64_TO_32_BIT_CONVERSION = YES;
				GCC_WARN_ABOUT_RETURN_TYPE = YES_ERROR;
				GCC_WARN_UNDECLARED_SELECTOR = YES;
				GCC_WARN_UNINITIALIZED_AUTOS = YES_AGGRESSIVE;
				GCC_WARN_UNUSED_FUNCTION = YES;
				GCC_WARN_UNUSED_VARIABLE = YES;
				IPHONEOS_DEPLOYMENT_TARGET = 9.2;
				MTL_ENABLE_DEBUG_INFO = NO;
				SDKROOT = iphoneos;
				TARGETED_DEVICE_FAMILY = "1,2";
				VALIDATE_PRODUCT = YES;
			};
			name = Release;
		};
		21359FDD1C7A622F00847897 /* Debug */ = {
			isa = XCBuildConfiguration;
			buildSettings = {
				ASSETCATALOG_COMPILER_APPICON_NAME = AppIcon;
				INFOPLIST_FILE = "NYC Subway Lines/Info.plist";
				LD_RUNPATH_SEARCH_PATHS = "$(inherited) @executable_path/Frameworks";
				PRODUCT_BUNDLE_IDENTIFIER = "com.emmasteimann.NYC-Subway-Lines";
				PRODUCT_NAME = "$(TARGET_NAME)";
			};
			name = Debug;
		};
		21359FDE1C7A622F00847897 /* Release */ = {
			isa = XCBuildConfiguration;
			buildSettings = {
				ASSETCATALOG_COMPILER_APPICON_NAME = AppIcon;
				INFOPLIST_FILE = "NYC Subway Lines/Info.plist";
				LD_RUNPATH_SEARCH_PATHS = "$(inherited) @executable_path/Frameworks";
				PRODUCT_BUNDLE_IDENTIFIER = "com.emmasteimann.NYC-Subway-Lines";
				PRODUCT_NAME = "$(TARGET_NAME)";
			};
			name = Release;
		};
/* End XCBuildConfiguration section */

/* Begin XCConfigurationList section */
		21359FC01C7A622F00847897 /* Build configuration list for PBXProject "NYC Subway Lines" */ = {
			isa = XCConfigurationList;
			buildConfigurations = (
				21359FDA1C7A622F00847897 /* Debug */,
				21359FDB1C7A622F00847897 /* Release */,
			);
			defaultConfigurationIsVisible = 0;
			defaultConfigurationName = Release;
		};
		21359FDC1C7A622F00847897 /* Build configuration list for PBXNativeTarget "NYC Subway Lines" */ = {
			isa = XCConfigurationList;
			buildConfigurations = (
				21359FDD1C7A622F00847897 /* Debug */,
				21359FDE1C7A622F00847897 /* Release */,
			);
			defaultConfigurationIsVisible = 0;
			defaultConfigurationName = Release;
		};
/* End XCConfigurationList section */
	};
	rootObject = 21359FBD1C7A622F00847897 /* Project object */;
}
